GEM
  remote: https://rubygems.org/
  specs:
    anycable (1.6.1)
      anycable-core (= 1.6.1)
      grpc (~> 1.6)
    anycable-core (1.6.1)
      anyway_config (~> 2.2)
      base64 (>= 0.2)
      google-protobuf (~> 4)
      stringio (~> 3)
    anyway_config (2.7.2)
      ruby-next-core (~> 1.0)
    base64 (0.3.0)
    bigdecimal (1.4.4)
    google-protobuf (4.33.1)
      bigdecimal
      rake (>= 13)
    google-protobuf (4.33.1-x86_64-linux-gnu)
      bigdecimal
      rake (>= 13)
    googleapis-common-protos-types (1.22.0)
      google-protobuf (~> 4.26)
    grpc (1.76.0)
      google-protobuf (>= 3.25, < 5.0)
      googleapis-common-protos-types (~> 1.0)
    grpc (1.76.0-x86_64-linux-gnu)
      google-protobuf (>= 3.25, < 5.0)
      googleapis-common-protos-types (~> 1.0)
    mini_portile2 (2.8.9)
    nokogiri (1.18.10)
      mini_portile2 (~> 2.8.2)
      racc (~> 1.4)
    nokogiri (1.18.10-x86_64-linux-gnu)
      racc (~> 1.4)
    racc (1.8.1)
    rake (13.3.1)
    ruby-next-core (1.1.2)
    stringio (3.1.8)

PLATFORMS
  ruby
  x86_64-linux

DEPENDENCIES
  anycable
  nokogiri

RUBY VERSION
   ruby 3.4.7p58

BUNDLED WITH
   2.4.10
